
Microsoft Visual Studio Solution File, Format Version 12.00
# Visual Studio Version 16
VisualStudioVersion = 16.0.31005.135
MinimumVisualStudioVersion = 10.0.40219.1
Project("{FAE04EC0-301F-11D3-BF4B-00C04F79EFBC}") = "MyGitPracWeb", "MyGitPracWeb.csproj", "{A63BA4F9-2883-4BDE-9FDC-9534EB21AF07}"
EndProject
Global
	GlobalSection(SolutionConfigurationPlatforms) = preSolution
		Debug|Any CPU = Debug|Any CPU
		Release|Any CPU = Release|Any CPU
	EndGlobalSection
	GlobalSection(ProjectConfigurationPlatforms) = postSolution
		{A63BA4F9-2883-4BDE-9FDC-9534EB21AF07}.Debug|Any CPU.ActiveCfg = Debug|Any CPU
		{A63BA4F9-2883-4BDE-9FDC-9534EB21AF07}.Debug|Any CPU.Build.0 = Debug|Any CPU
		{A63BA4F9-2883-4BDE-9FDC-9534EB21AF07}.Release|Any CPU.ActiveCfg = Release|Any CPU
		{A63BA4F9-2883-4BDE-9FDC-9534EB21AF07}.Release|Any CPU.Build.0 = Release|Any CPU
	EndGlobalSection
	GlobalSection(SolutionProperties) = preSolution
		HideSolutionNode = FALSE
	EndGlobalSection
	GlobalSection(ExtensibilityGlobals) = postSolution
		SolutionGuid = {1C8CD111-906C-43C8-B3FF-5482E095A3AA}
	EndGlobalSection
EndGlobal
